// !$*UTF8*$!
{
	archiveVersion = 1;
	classes = {
	};
	objectVersion = 56;
	objects = {

/* Begin PBXBuildFile section */
		152C78522CD9128F00A2A977 /* SF-Pro-Text-Regular.otf in Resources */ = {isa = PBXBuildFile; fileRef = 152C784F2CD9128F00A2A977 /* SF-Pro-Text-Regular.otf */; };
		152C78532CD9128F00A2A977 /* SF-Pro-Text-Semibold.otf in Resources */ = {isa = PBXBuildFile; fileRef = 152C78502CD9128F00A2A977 /* SF-Pro-Text-Semibold.otf */; };
		152C78542CD9128F00A2A977 /* SF-Pro-Text-Medium.otf in Resources */ = {isa = PBXBuildFile; fileRef = 152C78512CD9128F00A2A977 /* SF-Pro-Text-Medium.otf */; };
		152C78592CD943D000A2A977 /* OnboardingViewController.swift in Sources */ = {isa = PBXBuildFile; fileRef = 152C78582CD943D000A2A977 /* OnboardingViewController.swift */; };
		152C785C2CD9469800A2A977 /* CreateElements.swift in Sources */ = {isa = PBXBuildFile; fileRef = 152C785B2CD9469800A2A977 /* CreateElements.swift */; };
		152C785E2CD949A900A2A977 /* ModelDataOnb.swift in Sources */ = {isa = PBXBuildFile; fileRef = 152C785D2CD949A900A2A977 /* ModelDataOnb.swift */; };
		152C78602CD9528A00A2A977 /* NotifyOnbViewController.swift in Sources */ = {isa = PBXBuildFile; fileRef = 152C785F2CD9528A00A2A977 /* NotifyOnbViewController.swift */; };
		152C78632CD95E9B00A2A977 /* PaywallViewController.swift in Sources */ = {isa = PBXBuildFile; fileRef = 152C78622CD95E9B00A2A977 /* PaywallViewController.swift */; };
		152C78662CDA309700A2A977 /* SwiftyStoreKit in Frameworks */ = {isa = PBXBuildFile; productRef = 152C78652CDA309700A2A977 /* SwiftyStoreKit */; };
		152C78692CDA332500A2A977 /* PurchaseManager.swift in Sources */ = {isa = PBXBuildFile; fileRef = 152C78682CDA332500A2A977 /* PurchaseManager.swift */; };
		152C786B2CDA365100A2A977 /* PaywallButton.swift in Sources */ = {isa = PBXBuildFile; fileRef = 152C786A2CDA365100A2A977 /* PaywallButton.swift */; };
		152C786D2CDA3A8000A2A977 /* CustomLikeViewController.swift in Sources */ = {isa = PBXBuildFile; fileRef = 152C786C2CDA3A8000A2A977 /* CustomLikeViewController.swift */; };
		152C78702CDA43D100A2A977 /* SettingsViewController.swift in Sources */ = {isa = PBXBuildFile; fileRef = 152C786F2CDA43D100A2A977 /* SettingsViewController.swift */; };
		152C78742CDB7D7C00A2A977 /* MyVideosViewController.swift in Sources */ = {isa = PBXBuildFile; fileRef = 152C78732CDB7D7C00A2A977 /* MyVideosViewController.swift */; };
		152C78782CDB887E00A2A977 /* MainModel.swift in Sources */ = {isa = PBXBuildFile; fileRef = 152C78772CDB887E00A2A977 /* MainModel.swift */; };
		152C78812CDCCAFD00A2A977 /* NetWorking.swift in Sources */ = {isa = PBXBuildFile; fileRef = 152C78802CDCCAFD00A2A977 /* NetWorking.swift */; };
		152C78842CDCCB1400A2A977 /* Alamofire in Frameworks */ = {isa = PBXBuildFile; productRef = 152C78832CDCCB1400A2A977 /* Alamofire */; };
		152C78872CDCCC3900A2A977 /* DataModel.swift in Sources */ = {isa = PBXBuildFile; fileRef = 152C78862CDCCC3900A2A977 /* DataModel.swift */; };
		154DDA1E2D106E9F0048495D /* NewPaywallViewController.swift in Sources */ = {isa = PBXBuildFile; fileRef = 154DDA1D2D106E9F0048495D /* NewPaywallViewController.swift */; };
		154DDA212D107B4E0048495D /* AllPaywallViewController.swift in Sources */ = {isa = PBXBuildFile; fileRef = 154DDA202D107B4E0048495D /* AllPaywallViewController.swift */; };
		15542B192CDCEFFB0045598C /* GenerateVideoViewController.swift in Sources */ = {isa = PBXBuildFile; fileRef = 15542B182CDCEFFB0045598C /* GenerateVideoViewController.swift */; };
		15542B1C2CDCF3D20045598C /* Lottie in Frameworks */ = {isa = PBXBuildFile; productRef = 15542B1B2CDCF3D20045598C /* Lottie */; };
		15542B1F2CDCF4C80045598C /* OpenedViewController.swift in Sources */ = {isa = PBXBuildFile; fileRef = 15542B1E2CDCF4C80045598C /* OpenedViewController.swift */; };
		15542B222CDCFB390045598C /* Generate.json in Resources */ = {isa = PBXBuildFile; fileRef = 15542B212CDCFB390045598C /* Generate.json */; };
		15542B252CDE19D70045598C /* ApphudSDK in Frameworks */ = {isa = PBXBuildFile; productRef = 15542B242CDE19D70045598C /* ApphudSDK */; };
		15542B492CDE2AC40045598C /* VideoCollectionViewCell.swift in Sources */ = {isa = PBXBuildFile; fileRef = 15542B482CDE2AC40045598C /* VideoCollectionViewCell.swift */; };
		15542B612CDEBC640045598C /* crumble_it1.mp4 in Resources */ = {isa = PBXBuildFile; fileRef = 15542B542CDEBC630045598C /* crumble_it1.mp4 */; };
		15542B622CDEBC640045598C /* decapitate_it1.mp4 in Resources */ = {isa = PBXBuildFile; fileRef = 15542B552CDEBC630045598C /* decapitate_it1.mp4 */; };
		15542B632CDEBC640045598C /* Deflate_it1.mp4 in Resources */ = {isa = PBXBuildFile; fileRef = 15542B562CDEBC630045598C /* Deflate_it1.mp4 */; };
		15542B642CDEBC640045598C /* levitate_it1.mp4 in Resources */ = {isa = PBXBuildFile; fileRef = 15542B572CDEBC640045598C /* levitate_it1.mp4 */; };
		15542B652CDEBC640045598C /* Crush_it1.mp4 in Resources */ = {isa = PBXBuildFile; fileRef = 15542B582CDEBC640045598C /* Crush_it1.mp4 */; };
		15542B662CDEBC640045598C /* Melt_it1.mp4 in Resources */ = {isa = PBXBuildFile; fileRef = 15542B592CDEBC640045598C /* Melt_it1.mp4 */; };
		15542B672CDEBC640045598C /* explode_it1.mp4 in Resources */ = {isa = PBXBuildFile; fileRef = 15542B5A2CDEBC640045598C /* explode_it1.mp4 */; };
		15542B682CDEBC640045598C /* Ta-da_it1.mp4 in Resources */ = {isa = PBXBuildFile; fileRef = 15542B5B2CDEBC640045598C /* Ta-da_it1.mp4 */; };
		15542B692CDEBC640045598C /* Squish_it1.mp4 in Resources */ = {isa = PBXBuildFile; fileRef = 15542B5C2CDEBC640045598C /* Squish_it1.mp4 */; };
		15542B6A2CDEBC640045598C /* Inflate_it1.mp4 in Resources */ = {isa = PBXBuildFile; fileRef = 15542B5D2CDEBC640045598C /* Inflate_it1.mp4 */; };
		15542B6B2CDEBC640045598C /* eye-pop_it1.mp4 in Resources */ = {isa = PBXBuildFile; fileRef = 15542B5E2CDEBC640045598C /* eye-pop_it1.mp4 */; };
		15542B6C2CDEBC640045598C /* dissolve_it1.mp4 in Resources */ = {isa = PBXBuildFile; fileRef = 15542B5F2CDEBC640045598C /* dissolve_it1.mp4 */; };
		15542B732CDEBC7B0045598C /* onboardingVideo1.mp4 in Resources */ = {isa = PBXBuildFile; fileRef = 15542B6F2CDEBC7A0045598C /* onboardingVideo1.mp4 */; };
		15542B742CDEBC7B0045598C /* onboardingVideo2.mp4 in Resources */ = {isa = PBXBuildFile; fileRef = 15542B702CDEBC7B0045598C /* onboardingVideo2.mp4 */; };
		15542B752CDEBC7B0045598C /* Paywall.mp4 in Resources */ = {isa = PBXBuildFile; fileRef = 15542B712CDEBC7B0045598C /* Paywall.mp4 */; };
		159C01D12CEA3106009DEEE8 /* TestSub.storekit in Resources */ = {isa = PBXBuildFile; fileRef = 159C01D02CEA3106009DEEE8 /* TestSub.storekit */; };
		159C01F12CECA3BE009DEEE8 /* FacebookAEM in Frameworks */ = {isa = PBXBuildFile; productRef = 159C01F02CECA3BE009DEEE8 /* FacebookAEM */; };
		159C01F32CECA3BE009DEEE8 /* FacebookBasics in Frameworks */ = {isa = PBXBuildFile; productRef = 159C01F22CECA3BE009DEEE8 /* FacebookBasics */; };
		159C01F52CECA3BE009DEEE8 /* FacebookCore in Frameworks */ = {isa = PBXBuildFile; productRef = 159C01F42CECA3BE009DEEE8 /* FacebookCore */; };
		159C01F72CECA3BE009DEEE8 /* FacebookGamingServices in Frameworks */ = {isa = PBXBuildFile; productRef = 159C01F62CECA3BE009DEEE8 /* FacebookGamingServices */; };
		159C01F92CECA3BE009DEEE8 /* FacebookLogin in Frameworks */ = {isa = PBXBuildFile; productRef = 159C01F82CECA3BE009DEEE8 /* FacebookLogin */; };
		159C01FB2CECAA26009DEEE8 /* FacebookShare in Frameworks */ = {isa = PBXBuildFile; productRef = 159C01FA2CECAA26009DEEE8 /* FacebookShare */; };
		15AEF2842D0765E300156891 /* TokenPaywallViewController.swift in Sources */ = {isa = PBXBuildFile; fileRef = 15AEF2832D0765E300156891 /* TokenPaywallViewController.swift */; };
		15AEF2862D076B5700156891 /* TokenManager.swift in Sources */ = {isa = PBXBuildFile; fileRef = 15AEF2852D076B5700156891 /* TokenManager.swift */; };
		15D0BFAF2CD8F6CD0011227E /* AppDelegate.swift in Sources */ = {isa = PBXBuildFile; fileRef = 15D0BFAE2CD8F6CD0011227E /* AppDelegate.swift */; };
		15D0BFB12CD8F6CD0011227E /* SceneDelegate.swift in Sources */ = {isa = PBXBuildFile; fileRef = 15D0BFB02CD8F6CD0011227E /* SceneDelegate.swift */; };
		15D0BFB62CD8F6CD0011227E /* Main.storyboard in Resources */ = {isa = PBXBuildFile; fileRef = 15D0BFB42CD8F6CD0011227E /* Main.storyboard */; };
		15D0BFB82CD8F6CF0011227E /* Assets.xcassets in Resources */ = {isa = PBXBuildFile; fileRef = 15D0BFB72CD8F6CF0011227E /* Assets.xcassets */; };
		15D0BFBB2CD8F6CF0011227E /* LaunchScreen.storyboard in Resources */ = {isa = PBXBuildFile; fileRef = 15D0BFB92CD8F6CF0011227E /* LaunchScreen.storyboard */; };
		15D0BFC82CD8F9820011227E /* Extensions.swift in Sources */ = {isa = PBXBuildFile; fileRef = 15D0BFC72CD8F9820011227E /* Extensions.swift */; };
		15D0BFCA2CD9017A0011227E /* TabBarViewController.swift in Sources */ = {isa = PBXBuildFile; fileRef = 15D0BFC92CD9017A0011227E /* TabBarViewController.swift */; };
		15D0BFCD2CD909390011227E /* SnapKit in Frameworks */ = {isa = PBXBuildFile; productRef = 15D0BFCC2CD909390011227E /* SnapKit */; };
		15D0BFD02CD90AE90011227E /* CreateViewController.swift in Sources */ = {isa = PBXBuildFile; fileRef = 15D0BFCF2CD90AE90011227E /* CreateViewController.swift */; };
		15D285A82CF4C8FA00998395 /* OneSignalExtension in Frameworks */ = {isa = PBXBuildFile; productRef = 15D285A72CF4C8FA00998395 /* OneSignalExtension */; };
		15D285AA2CF4C8FA00998395 /* OneSignalFramework in Frameworks */ = {isa = PBXBuildFile; productRef = 15D285A92CF4C8FA00998395 /* OneSignalFramework */; };
		15D285AC2CF4C8FA00998395 /* OneSignalInAppMessages in Frameworks */ = {isa = PBXBuildFile; productRef = 15D285AB2CF4C8FA00998395 /* OneSignalInAppMessages */; };
		15D285AE2CF4C8FA00998395 /* OneSignalLocation in Frameworks */ = {isa = PBXBuildFile; productRef = 15D285AD2CF4C8FA00998395 /* OneSignalLocation */; };
		15E627692CE29A4500A2C10C /* AlamofireNetworkActivityLogger in Frameworks */ = {isa = PBXBuildFile; productRef = 15E627682CE29A4500A2C10C /* AlamofireNetworkActivityLogger */; };
		15E6276E2CE3713300A2C10C /* FirebaseAnalytics in Frameworks */ = {isa = PBXBuildFile; productRef = 15E6276D2CE3713300A2C10C /* FirebaseAnalytics */; };
		15E627702CE3713300A2C10C /* FirebaseAnalyticsOnDeviceConversion in Frameworks */ = {isa = PBXBuildFile; productRef = 15E6276F2CE3713300A2C10C /* FirebaseAnalyticsOnDeviceConversion */; };
		15E627722CE3713300A2C10C /* FirebaseAnalyticsWithoutAdIdSupport in Frameworks */ = {isa = PBXBuildFile; productRef = 15E627712CE3713300A2C10C /* FirebaseAnalyticsWithoutAdIdSupport */; };
		15E627742CE3713300A2C10C /* FirebaseAppCheck in Frameworks */ = {isa = PBXBuildFile; productRef = 15E627732CE3713300A2C10C /* FirebaseAppCheck */; };
		15E627762CE3713300A2C10C /* FirebaseAppDistribution-Beta in Frameworks */ = {isa = PBXBuildFile; productRef = 15E627752CE3713300A2C10C /* FirebaseAppDistribution-Beta */; };
		15E627792CE374DF00A2C10C /* GoogleService-Info.plist in Resources */ = {isa = PBXBuildFile; fileRef = 15E627782CE374DF00A2C10C /* GoogleService-Info.plist */; };
		15E6277C2CE381DA00A2C10C /* FirebaseCrashlytics in Frameworks */ = {isa = PBXBuildFile; productRef = 15E6277B2CE381DA00A2C10C /* FirebaseCrashlytics */; };
		15E627AE2CE3C61E00A2C10C /* Cake-ify_it1.mp4 in Resources */ = {isa = PBXBuildFile; fileRef = 15E627AD2CE3C61E00A2C10C /* Cake-ify_it1.mp4 */; };
		15E9367D2CE4B4BA007B963B /* PreviewEffectViewController.swift in Sources */ = {isa = PBXBuildFile; fileRef = 15E9367C2CE4B4BA007B963B /* PreviewEffectViewController.swift */; };
		15E9367F2CE762B5007B963B /* onbVideo3.mp4 in Resources */ = {isa = PBXBuildFile; fileRef = 15E9367E2CE762B5007B963B /* onbVideo3.mp4 */; };
		15E976DE2D0B020E00EFAF1D /* GSPlayer in Frameworks */ = {isa = PBXBuildFile; productRef = 15E976DD2D0B020E00EFAF1D /* GSPlayer */; };
		575EAD532D7F0A3C00B0275A /* AllEffectsViewController.swift in Sources */ = {isa = PBXBuildFile; fileRef = 575EAD522D7F0A3B00B0275A /* AllEffectsViewController.swift */; };
		575EAD562D7F0ACD00B0275A /* PromptViewController.swift in Sources */ = {isa = PBXBuildFile; fileRef = 575EAD552D7F0ACC00B0275A /* PromptViewController.swift */; };
		575EAD582D7F237300B0275A /* CreateImageViewController.swift in Sources */ = {isa = PBXBuildFile; fileRef = 575EAD572D7F237200B0275A /* CreateImageViewController.swift */; };
		7CA9D7AF2D3FC58F00E337D2 /* AllPaywallViewControllerV2.swift in Sources */ = {isa = PBXBuildFile; fileRef = 7CA9D7AE2D3FC58F00E337D2 /* AllPaywallViewControllerV2.swift */; };
/* End PBXBuildFile section */

/* Begin PBXCopyFilesBuildPhase section */
		15D2858E2CF4C3CE00998395 /* Embed Foundn Extatioensions */ = {
			isa = PBXCopyFilesBuildPhase;
			buildActionMask = 2147483647;
			dstPath = "";
			dstSubfolderSpec = 13;
			files = (
			);
			name = "Embed Foundn Extatioensions";
			runOnlyForDeploymentPostprocessing = 0;
		};
/* End PBXCopyFilesBuildPhase section */

/* Begin PBXFileReference section */
		152C784F2CD9128F00A2A977 /* SF-Pro-Text-Regular.otf */ = {isa = PBXFileReference; lastKnownFileType = file; path = "SF-Pro-Text-Regular.otf"; sourceTree = "<group>"; };
		152C78502CD9128F00A2A977 /* SF-Pro-Text-Semibold.otf */ = {isa = PBXFileReference; lastKnownFileType = file; path = "SF-Pro-Text-Semibold.otf"; sourceTree = "<group>"; };
		152C78512CD9128F00A2A977 /* SF-Pro-Text-Medium.otf */ = {isa = PBXFileReference; lastKnownFileType = file; path = "SF-Pro-Text-Medium.otf"; sourceTree = "<group>"; };
		152C78582CD943D000A2A977 /* OnboardingViewController.swift */ = {isa = PBXFileReference; lastKnownFileType = sourcecode.swift; path = OnboardingViewController.swift; sourceTree = "<group>"; };
		152C785B2CD9469800A2A977 /* CreateElements.swift */ = {isa = PBXFileReference; lastKnownFileType = sourcecode.swift; path = CreateElements.swift; sourceTree = "<group>"; };
		152C785D2CD949A900A2A977 /* ModelDataOnb.swift */ = {isa = PBXFileReference; lastKnownFileType = sourcecode.swift; path = ModelDataOnb.swift; sourceTree = "<group>"; };
		152C785F2CD9528A00A2A977 /* NotifyOnbViewController.swift */ = {isa = PBXFileReference; lastKnownFileType = sourcecode.swift; path = NotifyOnbViewController.swift; sourceTree = "<group>"; };
		152C78622CD95E9B00A2A977 /* PaywallViewController.swift */ = {isa = PBXFileReference; lastKnownFileType = sourcecode.swift; path = PaywallViewController.swift; sourceTree = "<group>"; };
		152C78682CDA332500A2A977 /* PurchaseManager.swift */ = {isa = PBXFileReference; lastKnownFileType = sourcecode.swift; path = PurchaseManager.swift; sourceTree = "<group>"; };
		152C786A2CDA365100A2A977 /* PaywallButton.swift */ = {isa = PBXFileReference; lastKnownFileType = sourcecode.swift; path = PaywallButton.swift; sourceTree = "<group>"; };
		152C786C2CDA3A8000A2A977 /* CustomLikeViewController.swift */ = {isa = PBXFileReference; lastKnownFileType = sourcecode.swift; path = CustomLikeViewController.swift; sourceTree = "<group>"; };
		152C786F2CDA43D100A2A977 /* SettingsViewController.swift */ = {isa = PBXFileReference; lastKnownFileType = sourcecode.swift; path = SettingsViewController.swift; sourceTree = "<group>"; };
		152C78732CDB7D7C00A2A977 /* MyVideosViewController.swift */ = {isa = PBXFileReference; lastKnownFileType = sourcecode.swift; path = MyVideosViewController.swift; sourceTree = "<group>"; };
		152C78772CDB887E00A2A977 /* MainModel.swift */ = {isa = PBXFileReference; lastKnownFileType = sourcecode.swift; path = MainModel.swift; sourceTree = "<group>"; };
		152C78802CDCCAFD00A2A977 /* NetWorking.swift */ = {isa = PBXFileReference; lastKnownFileType = sourcecode.swift; path = NetWorking.swift; sourceTree = "<group>"; };
		152C78862CDCCC3900A2A977 /* DataModel.swift */ = {isa = PBXFileReference; lastKnownFileType = sourcecode.swift; path = DataModel.swift; sourceTree = "<group>"; };
		154DDA1D2D106E9F0048495D /* NewPaywallViewController.swift */ = {isa = PBXFileReference; lastKnownFileType = sourcecode.swift; path = NewPaywallViewController.swift; sourceTree = "<group>"; };
		154DDA202D107B4E0048495D /* AllPaywallViewController.swift */ = {isa = PBXFileReference; lastKnownFileType = sourcecode.swift; path = AllPaywallViewController.swift; sourceTree = "<group>"; };
		15542B182CDCEFFB0045598C /* GenerateVideoViewController.swift */ = {isa = PBXFileReference; lastKnownFileType = sourcecode.swift; path = GenerateVideoViewController.swift; sourceTree = "<group>"; };
		15542B1E2CDCF4C80045598C /* OpenedViewController.swift */ = {isa = PBXFileReference; lastKnownFileType = sourcecode.swift; path = OpenedViewController.swift; sourceTree = "<group>"; };
		15542B212CDCFB390045598C /* Generate.json */ = {isa = PBXFileReference; fileEncoding = 4; lastKnownFileType = text.json; path = Generate.json; sourceTree = "<group>"; };
		15542B482CDE2AC40045598C /* VideoCollectionViewCell.swift */ = {isa = PBXFileReference; lastKnownFileType = sourcecode.swift; path = VideoCollectionViewCell.swift; sourceTree = "<group>"; };
		15542B542CDEBC630045598C /* crumble_it1.mp4 */ = {isa = PBXFileReference; lastKnownFileType = file; path = crumble_it1.mp4; sourceTree = "<group>"; };
		15542B552CDEBC630045598C /* decapitate_it1.mp4 */ = {isa = PBXFileReference; lastKnownFileType = file; path = decapitate_it1.mp4; sourceTree = "<group>"; };
		15542B562CDEBC630045598C /* Deflate_it1.mp4 */ = {isa = PBXFileReference; lastKnownFileType = file; path = Deflate_it1.mp4; sourceTree = "<group>"; };
		15542B572CDEBC640045598C /* levitate_it1.mp4 */ = {isa = PBXFileReference; lastKnownFileType = file; path = levitate_it1.mp4; sourceTree = "<group>"; };
		15542B582CDEBC640045598C /* Crush_it1.mp4 */ = {isa = PBXFileReference; lastKnownFileType = file; path = Crush_it1.mp4; sourceTree = "<group>"; };
		15542B592CDEBC640045598C /* Melt_it1.mp4 */ = {isa = PBXFileReference; lastKnownFileType = file; path = Melt_it1.mp4; sourceTree = "<group>"; };
		15542B5A2CDEBC640045598C /* explode_it1.mp4 */ = {isa = PBXFileReference; lastKnownFileType = file; path = explode_it1.mp4; sourceTree = "<group>"; };
		15542B5B2CDEBC640045598C /* Ta-da_it1.mp4 */ = {isa = PBXFileReference; lastKnownFileType = file; path = "Ta-da_it1.mp4"; sourceTree = "<group>"; };
		15542B5C2CDEBC640045598C /* Squish_it1.mp4 */ = {isa = PBXFileReference; lastKnownFileType = file; path = Squish_it1.mp4; sourceTree = "<group>"; };
		15542B5D2CDEBC640045598C /* Inflate_it1.mp4 */ = {isa = PBXFileReference; lastKnownFileType = file; path = Inflate_it1.mp4; sourceTree = "<group>"; };
		15542B5E2CDEBC640045598C /* eye-pop_it1.mp4 */ = {isa = PBXFileReference; lastKnownFileType = file; path = "eye-pop_it1.mp4"; sourceTree = "<group>"; };
		15542B5F2CDEBC640045598C /* dissolve_it1.mp4 */ = {isa = PBXFileReference; lastKnownFileType = file; path = dissolve_it1.mp4; sourceTree = "<group>"; };
		15542B6F2CDEBC7A0045598C /* onboardingVideo1.mp4 */ = {isa = PBXFileReference; lastKnownFileType = file; path = onboardingVideo1.mp4; sourceTree = "<group>"; };
		15542B702CDEBC7B0045598C /* onboardingVideo2.mp4 */ = {isa = PBXFileReference; lastKnownFileType = file; path = onboardingVideo2.mp4; sourceTree = "<group>"; };
		15542B712CDEBC7B0045598C /* Paywall.mp4 */ = {isa = PBXFileReference; lastKnownFileType = file; path = Paywall.mp4; sourceTree = "<group>"; };
		159C01D02CEA3106009DEEE8 /* TestSub.storekit */ = {isa = PBXFileReference; lastKnownFileType = text; path = TestSub.storekit; sourceTree = "<group>"; };
		15AEF2832D0765E300156891 /* TokenPaywallViewController.swift */ = {isa = PBXFileReference; lastKnownFileType = sourcecode.swift; path = TokenPaywallViewController.swift; sourceTree = "<group>"; };
		15AEF2852D076B5700156891 /* TokenManager.swift */ = {isa = PBXFileReference; lastKnownFileType = sourcecode.swift; path = TokenManager.swift; sourceTree = "<group>"; };
		15D0BFAB2CD8F6CD0011227E /* titEggs.app */ = {isa = PBXFileReference; explicitFileType = wrapper.application; includeInIndex = 0; path = titEggs.app; sourceTree = BUILT_PRODUCTS_DIR; };
		15D0BFAE2CD8F6CD0011227E /* AppDelegate.swift */ = {isa = PBXFileReference; lastKnownFileType = sourcecode.swift; path = AppDelegate.swift; sourceTree = "<group>"; };
		15D0BFB02CD8F6CD0011227E /* SceneDelegate.swift */ = {isa = PBXFileReference; lastKnownFileType = sourcecode.swift; path = SceneDelegate.swift; sourceTree = "<group>"; };
		15D0BFB52CD8F6CD0011227E /* Base */ = {isa = PBXFileReference; lastKnownFileType = file.storyboard; name = Base; path = Base.lproj/Main.storyboard; sourceTree = "<group>"; };
		15D0BFB72CD8F6CF0011227E /* Assets.xcassets */ = {isa = PBXFileReference; lastKnownFileType = folder.assetcatalog; path = Assets.xcassets; sourceTree = "<group>"; };
		15D0BFBA2CD8F6CF0011227E /* Base */ = {isa = PBXFileReference; lastKnownFileType = file.storyboard; name = Base; path = Base.lproj/LaunchScreen.storyboard; sourceTree = "<group>"; };
		15D0BFBC2CD8F6CF0011227E /* Info.plist */ = {isa = PBXFileReference; lastKnownFileType = text.plist.xml; path = Info.plist; sourceTree = "<group>"; };
		15D0BFC72CD8F9820011227E /* Extensions.swift */ = {isa = PBXFileReference; lastKnownFileType = sourcecode.swift; path = Extensions.swift; sourceTree = "<group>"; };
		15D0BFC92CD9017A0011227E /* TabBarViewController.swift */ = {isa = PBXFileReference; lastKnownFileType = sourcecode.swift; path = TabBarViewController.swift; sourceTree = "<group>"; };
		15D0BFCF2CD90AE90011227E /* CreateViewController.swift */ = {isa = PBXFileReference; lastKnownFileType = sourcecode.swift; path = CreateViewController.swift; sourceTree = "<group>"; };
		15D2857E2CF4C3A900998395 /* titEggs.entitlements */ = {isa = PBXFileReference; lastKnownFileType = text.plist.entitlements; path = titEggs.entitlements; sourceTree = "<group>"; };
		15D285D52CF4CA9B00998395 /* NotificationService.swift */ = {isa = PBXFileReference; lastKnownFileType = sourcecode.swift; path = NotificationService.swift; sourceTree = "<group>"; };
		15D285D72CF4CA9B00998395 /* Info.plist */ = {isa = PBXFileReference; lastKnownFileType = text.plist.xml; path = Info.plist; sourceTree = "<group>"; };
		15E627782CE374DF00A2C10C /* GoogleService-Info.plist */ = {isa = PBXFileReference; fileEncoding = 4; lastKnownFileType = text.plist.xml; path = "GoogleService-Info.plist"; sourceTree = "<group>"; };
		15E627AD2CE3C61E00A2C10C /* Cake-ify_it1.mp4 */ = {isa = PBXFileReference; lastKnownFileType = file; path = "Cake-ify_it1.mp4"; sourceTree = "<group>"; };
		15E9367C2CE4B4BA007B963B /* PreviewEffectViewController.swift */ = {isa = PBXFileReference; lastKnownFileType = sourcecode.swift; path = PreviewEffectViewController.swift; sourceTree = "<group>"; };
		15E9367E2CE762B5007B963B /* onbVideo3.mp4 */ = {isa = PBXFileReference; lastKnownFileType = file; path = onbVideo3.mp4; sourceTree = "<group>"; };
		575EAD522D7F0A3B00B0275A /* AllEffectsViewController.swift */ = {isa = PBXFileReference; lastKnownFileType = sourcecode.swift; path = AllEffectsViewController.swift; sourceTree = "<group>"; };
		575EAD552D7F0ACC00B0275A /* PromptViewController.swift */ = {isa = PBXFileReference; lastKnownFileType = sourcecode.swift; path = PromptViewController.swift; sourceTree = "<group>"; };
		575EAD572D7F237200B0275A /* CreateImageViewController.swift */ = {isa = PBXFileReference; lastKnownFileType = sourcecode.swift; path = CreateImageViewController.swift; sourceTree = "<group>"; };
		7CA9D7AE2D3FC58F00E337D2 /* AllPaywallViewControllerV2.swift */ = {isa = PBXFileReference; lastKnownFileType = sourcecode.swift; path = AllPaywallViewControllerV2.swift; sourceTree = "<group>"; };
/* End PBXFileReference section */

/* Begin PBXFrameworksBuildPhase section */
		15D0BFA82CD8F6CD0011227E /* Frameworks */ = {
			isa = PBXFrameworksBuildPhase;
			buildActionMask = 2147483647;
			files = (
				15E976DE2D0B020E00EFAF1D /* GSPlayer in Frameworks */,
				15E6276E2CE3713300A2C10C /* FirebaseAnalytics in Frameworks */,
				159C01F92CECA3BE009DEEE8 /* FacebookLogin in Frameworks */,
				159C01FB2CECAA26009DEEE8 /* FacebookShare in Frameworks */,
				159C01F52CECA3BE009DEEE8 /* FacebookCore in Frameworks */,
				15D285AE2CF4C8FA00998395 /* OneSignalLocation in Frameworks */,
				15D285AA2CF4C8FA00998395 /* OneSignalFramework in Frameworks */,
				15D285A82CF4C8FA00998395 /* OneSignalExtension in Frameworks */,
				159C01F12CECA3BE009DEEE8 /* FacebookAEM in Frameworks */,
				152C78842CDCCB1400A2A977 /* Alamofire in Frameworks */,
				15D0BFCD2CD909390011227E /* SnapKit in Frameworks */,
				15D285AC2CF4C8FA00998395 /* OneSignalInAppMessages in Frameworks */,
				15542B252CDE19D70045598C /* ApphudSDK in Frameworks */,
				15E627692CE29A4500A2C10C /* AlamofireNetworkActivityLogger in Frameworks */,
				159C01F72CECA3BE009DEEE8 /* FacebookGamingServices in Frameworks */,
				152C78662CDA309700A2A977 /* SwiftyStoreKit in Frameworks */,
				159C01F32CECA3BE009DEEE8 /* FacebookBasics in Frameworks */,
				15542B1C2CDCF3D20045598C /* Lottie in Frameworks */,
				15E627722CE3713300A2C10C /* FirebaseAnalyticsWithoutAdIdSupport in Frameworks */,
				15E627742CE3713300A2C10C /* FirebaseAppCheck in Frameworks */,
				15E6277C2CE381DA00A2C10C /* FirebaseCrashlytics in Frameworks */,
				15E627762CE3713300A2C10C /* FirebaseAppDistribution-Beta in Frameworks */,
				15E627702CE3713300A2C10C /* FirebaseAnalyticsOnDeviceConversion in Frameworks */,
			);
			runOnlyForDeploymentPostprocessing = 0;
		};
/* End PBXFrameworksBuildPhase section */

/* Begin PBXGroup section */
		152C784E2CD9122B00A2A977 /* Fonts */ = {
			isa = PBXGroup;
			children = (
				152C78512CD9128F00A2A977 /* SF-Pro-Text-Medium.otf */,
				152C784F2CD9128F00A2A977 /* SF-Pro-Text-Regular.otf */,
				152C78502CD9128F00A2A977 /* SF-Pro-Text-Semibold.otf */,
			);
			path = Fonts;
			sourceTree = "<group>";
		};
		152C78552CD9183800A2A977 /* Onboarding */ = {
			isa = PBXGroup;
			children = (
				152C78582CD943D000A2A977 /* OnboardingViewController.swift */,
				152C785D2CD949A900A2A977 /* ModelDataOnb.swift */,
				152C785F2CD9528A00A2A977 /* NotifyOnbViewController.swift */,
			);
			path = Onboarding;
			sourceTree = "<group>";
		};
		152C785A2CD9468400A2A977 /* CreateElements */ = {
			isa = PBXGroup;
			children = (
				152C785B2CD9469800A2A977 /* CreateElements.swift */,
				152C786C2CDA3A8000A2A977 /* CustomLikeViewController.swift */,
			);
			path = CreateElements;
			sourceTree = "<group>";
		};
		152C78612CD95E8500A2A977 /* Paywall */ = {
			isa = PBXGroup;
			children = (
				154DDA1F2D107B240048495D /* v2Paywall */,
				152C78622CD95E9B00A2A977 /* PaywallViewController.swift */,
				152C786A2CDA365100A2A977 /* PaywallButton.swift */,
			);
			path = Paywall;
			sourceTree = "<group>";
		};
		152C78672CDA322100A2A977 /* PurchaseManager */ = {
			isa = PBXGroup;
			children = (
				152C78682CDA332500A2A977 /* PurchaseManager.swift */,
			);
			path = PurchaseManager;
			sourceTree = "<group>";
		};
		152C786E2CDA43C600A2A977 /* Settings */ = {
			isa = PBXGroup;
			children = (
				152C786F2CDA43D100A2A977 /* SettingsViewController.swift */,
			);
			path = Settings;
			sourceTree = "<group>";
		};
		152C78722CDB7D6600A2A977 /* MyVideos */ = {
			isa = PBXGroup;
			children = (
				152C78732CDB7D7C00A2A977 /* MyVideosViewController.swift */,
			);
			path = MyVideos;
			sourceTree = "<group>";
		};
		152C78852CDCCBEC00A2A977 /* MainModel */ = {
			isa = PBXGroup;
			children = (
				152C78802CDCCAFD00A2A977 /* NetWorking.swift */,
				152C78772CDB887E00A2A977 /* MainModel.swift */,
				152C78862CDCCC3900A2A977 /* DataModel.swift */,
			);
			path = MainModel;
			sourceTree = "<group>";
		};
		154DDA1F2D107B240048495D /* v2Paywall */ = {
			isa = PBXGroup;
			children = (
				154DDA1D2D106E9F0048495D /* NewPaywallViewController.swift */,
				7CA9D7AE2D3FC58F00E337D2 /* AllPaywallViewControllerV2.swift */,
				154DDA202D107B4E0048495D /* AllPaywallViewController.swift */,
			);
			path = v2Paywall;
			sourceTree = "<group>";
		};
		15542B172CDCED760045598C /* GenerationVideo */ = {
			isa = PBXGroup;
			children = (
				15542B182CDCEFFB0045598C /* GenerateVideoViewController.swift */,
				15E9367C2CE4B4BA007B963B /* PreviewEffectViewController.swift */,
			);
			path = GenerationVideo;
			sourceTree = "<group>";
		};
		15542B1D2CDCF4B30045598C /* FullVideo */ = {
			isa = PBXGroup;
			children = (
				15542B1E2CDCF4C80045598C /* OpenedViewController.swift */,
			);
			path = FullVideo;
			sourceTree = "<group>";
		};
		15542B202CDCF8770045598C /* Lottie */ = {
			isa = PBXGroup;
			children = (
				15542B212CDCFB390045598C /* Generate.json */,
			);
			path = Lottie;
			sourceTree = "<group>";
		};
		15542B262CDE20920045598C /* Videos */ = {
			isa = PBXGroup;
			children = (
				15542B6F2CDEBC7A0045598C /* onboardingVideo1.mp4 */,
				15E9367E2CE762B5007B963B /* onbVideo3.mp4 */,
				15542B702CDEBC7B0045598C /* onboardingVideo2.mp4 */,
				15542B712CDEBC7B0045598C /* Paywall.mp4 */,
				15542B2D2CDE27900045598C /* Cells */,
			);
			path = Videos;
			sourceTree = "<group>";
		};
		15542B2D2CDE27900045598C /* Cells */ = {
			isa = PBXGroup;
			children = (
				15542B542CDEBC630045598C /* crumble_it1.mp4 */,
				15542B582CDEBC640045598C /* Crush_it1.mp4 */,
				15E627AD2CE3C61E00A2C10C /* Cake-ify_it1.mp4 */,
				15542B552CDEBC630045598C /* decapitate_it1.mp4 */,
				15542B562CDEBC630045598C /* Deflate_it1.mp4 */,
				15542B5F2CDEBC640045598C /* dissolve_it1.mp4 */,
				15542B5A2CDEBC640045598C /* explode_it1.mp4 */,
				15542B5E2CDEBC640045598C /* eye-pop_it1.mp4 */,
				15542B5D2CDEBC640045598C /* Inflate_it1.mp4 */,
				15542B572CDEBC640045598C /* levitate_it1.mp4 */,
				15542B592CDEBC640045598C /* Melt_it1.mp4 */,
				15542B5C2CDEBC640045598C /* Squish_it1.mp4 */,
				15542B5B2CDEBC640045598C /* Ta-da_it1.mp4 */,
			);
			path = Cells;
			sourceTree = "<group>";
		};
		15AEF2822D0765B500156891 /* TokenPaywall */ = {
			isa = PBXGroup;
			children = (
				15AEF2832D0765E300156891 /* TokenPaywallViewController.swift */,
				15AEF2852D076B5700156891 /* TokenManager.swift */,
			);
			path = TokenPaywall;
			sourceTree = "<group>";
		};
		15D0BFA22CD8F6CD0011227E = {
			isa = PBXGroup;
			children = (
				159C01D02CEA3106009DEEE8 /* TestSub.storekit */,
				15D0BFAD2CD8F6CD0011227E /* titEggs */,
				15D285D42CF4CA9B00998395 /* OneSignalNotificationServiceExtension */,
				15D0BFAC2CD8F6CD0011227E /* Products */,
				15E6277A2CE381DA00A2C10C /* Frameworks */,
			);
			sourceTree = "<group>";
		};
		15D0BFAC2CD8F6CD0011227E /* Products */ = {
			isa = PBXGroup;
			children = (
				15D0BFAB2CD8F6CD0011227E /* titEggs.app */,
			);
			name = Products;
			sourceTree = "<group>";
		};
		15D0BFAD2CD8F6CD0011227E /* titEggs */ = {
			isa = PBXGroup;
			children = (
				575EAD542D7F0ABA00B0275A /* Prompt */,
				15D2857E2CF4C3A900998395 /* titEggs.entitlements */,
				15D0BFBC2CD8F6CF0011227E /* Info.plist */,
				15E627782CE374DF00A2C10C /* GoogleService-Info.plist */,
				15AEF2822D0765B500156891 /* TokenPaywall */,
				15542B1D2CDCF4B30045598C /* FullVideo */,
				152C78852CDCCBEC00A2A977 /* MainModel */,
				152C78722CDB7D6600A2A977 /* MyVideos */,
				152C786E2CDA43C600A2A977 /* Settings */,
				152C78672CDA322100A2A977 /* PurchaseManager */,
				152C78612CD95E8500A2A977 /* Paywall */,
				152C785A2CD9468400A2A977 /* CreateElements */,
				152C78552CD9183800A2A977 /* Onboarding */,
				15D0BFCE2CD90AD60011227E /* CreateView */,
				15D0BFC62CD8F9620011227E /* Extensions */,
				15D0BFC32CD8F77B0011227E /* TabBar */,
				15D0BFC22CD8F76B0011227E /* Other */,
			);
			path = titEggs;
			sourceTree = "<group>";
		};
		15D0BFC22CD8F76B0011227E /* Other */ = {
			isa = PBXGroup;
			children = (
				15542B262CDE20920045598C /* Videos */,
				15542B202CDCF8770045598C /* Lottie */,
				152C784E2CD9122B00A2A977 /* Fonts */,
				15D0BFB42CD8F6CD0011227E /* Main.storyboard */,
				15D0BFB72CD8F6CF0011227E /* Assets.xcassets */,
				15D0BFB92CD8F6CF0011227E /* LaunchScreen.storyboard */,
				15D0BFB02CD8F6CD0011227E /* SceneDelegate.swift */,
				15D0BFAE2CD8F6CD0011227E /* AppDelegate.swift */,
			);
			path = Other;
			sourceTree = "<group>";
		};
		15D0BFC32CD8F77B0011227E /* TabBar */ = {
			isa = PBXGroup;
			children = (
				15D0BFC92CD9017A0011227E /* TabBarViewController.swift */,
			);
			path = TabBar;
			sourceTree = "<group>";
		};
		15D0BFC62CD8F9620011227E /* Extensions */ = {
			isa = PBXGroup;
			children = (
				15D0BFC72CD8F9820011227E /* Extensions.swift */,
			);
			path = Extensions;
			sourceTree = "<group>";
		};
		15D0BFCE2CD90AD60011227E /* CreateView */ = {
			isa = PBXGroup;
			children = (
				15542B172CDCED760045598C /* GenerationVideo */,
				15D0BFCF2CD90AE90011227E /* CreateViewController.swift */,
				575EAD572D7F237200B0275A /* CreateImageViewController.swift */,
				575EAD522D7F0A3B00B0275A /* AllEffectsViewController.swift */,
				15542B482CDE2AC40045598C /* VideoCollectionViewCell.swift */,
			);
			path = CreateView;
			sourceTree = "<group>";
		};
		15D285D42CF4CA9B00998395 /* OneSignalNotificationServiceExtension */ = {
			isa = PBXGroup;
			children = (
				15D285D52CF4CA9B00998395 /* NotificationService.swift */,
				15D285D72CF4CA9B00998395 /* Info.plist */,
			);
			path = OneSignalNotificationServiceExtension;
			sourceTree = "<group>";
		};
		15E6277A2CE381DA00A2C10C /* Frameworks */ = {
			isa = PBXGroup;
			children = (
			);
			name = Frameworks;
			sourceTree = "<group>";
		};
		575EAD542D7F0ABA00B0275A /* Prompt */ = {
			isa = PBXGroup;
			children = (
				575EAD552D7F0ACC00B0275A /* PromptViewController.swift */,
			);
			path = Prompt;
			sourceTree = "<group>";
		};
/* End PBXGroup section */

/* Begin PBXNativeTarget section */
		15D0BFAA2CD8F6CD0011227E /* titEggs */ = {
			isa = PBXNativeTarget;
			buildConfigurationList = 15D0BFBF2CD8F6CF0011227E /* Build configuration list for PBXNativeTarget "titEggs" */;
			buildPhases = (
				15D0BFA72CD8F6CD0011227E /* Sources */,
				15D0BFA82CD8F6CD0011227E /* Frameworks */,
				15D2858E2CF4C3CE00998395 /* Embed Foundn Extatioensions */,
				15D0BFA92CD8F6CD0011227E /* Resources */,
				15E627772CE3727700A2C10C /* Run Script */,
			);
			buildRules = (
			);
			dependencies = (
			);
			name = titEggs;
			packageProductDependencies = (
				15D0BFCC2CD909390011227E /* SnapKit */,
				152C78652CDA309700A2A977 /* SwiftyStoreKit */,
				152C78832CDCCB1400A2A977 /* Alamofire */,
				15542B1B2CDCF3D20045598C /* Lottie */,
				15542B242CDE19D70045598C /* ApphudSDK */,
				15E627682CE29A4500A2C10C /* AlamofireNetworkActivityLogger */,
				15E6276D2CE3713300A2C10C /* FirebaseAnalytics */,
				15E6276F2CE3713300A2C10C /* FirebaseAnalyticsOnDeviceConversion */,
				15E627712CE3713300A2C10C /* FirebaseAnalyticsWithoutAdIdSupport */,
				15E627732CE3713300A2C10C /* FirebaseAppCheck */,
				15E627752CE3713300A2C10C /* FirebaseAppDistribution-Beta */,
				15E6277B2CE381DA00A2C10C /* FirebaseCrashlytics */,
				159C01F02CECA3BE009DEEE8 /* FacebookAEM */,
				159C01F22CECA3BE009DEEE8 /* FacebookBasics */,
				159C01F42CECA3BE009DEEE8 /* FacebookCore */,
				159C01F62CECA3BE009DEEE8 /* FacebookGamingServices */,
				159C01F82CECA3BE009DEEE8 /* FacebookLogin */,
				159C01FA2CECAA26009DEEE8 /* FacebookShare */,
				15D285A72CF4C8FA00998395 /* OneSignalExtension */,
				15D285A92CF4C8FA00998395 /* OneSignalFramework */,
				15D285AB2CF4C8FA00998395 /* OneSignalInAppMessages */,
				15D285AD2CF4C8FA00998395 /* OneSignalLocation */,
				15E976DD2D0B020E00EFAF1D /* GSPlayer */,
			);
			productName = titEggs;
			productReference = 15D0BFAB2CD8F6CD0011227E /* titEggs.app */;
			productType = "com.apple.product-type.application";
		};
/* End PBXNativeTarget section */

/* Begin PBXProject section */
		15D0BFA32CD8F6CD0011227E /* Project object */ = {
			isa = PBXProject;
			attributes = {
				BuildIndependentTargetsInParallel = 1;
				LastSwiftUpdateCheck = 1520;
				LastUpgradeCheck = 1520;
				TargetAttributes = {
					15D0BFAA2CD8F6CD0011227E = {
						CreatedOnToolsVersion = 15.2;
					};
				};
			};
			buildConfigurationList = 15D0BFA62CD8F6CD0011227E /* Build configuration list for PBXProject "titEggs" */;
			compatibilityVersion = "Xcode 14.0";
			developmentRegion = en;
			hasScannedForEncodings = 0;
			knownRegions = (
				en,
				Base,
			);
			mainGroup = 15D0BFA22CD8F6CD0011227E;
			packageReferences = (
				15D0BFCB2CD909390011227E /* XCRemoteSwiftPackageReference "SnapKit" */,
				152C78642CDA309700A2A977 /* XCRemoteSwiftPackageReference "SwiftyStoreKit" */,
				152C78822CDCCB1400A2A977 /* XCRemoteSwiftPackageReference "Alamofire" */,
				15542B1A2CDCF3D20045598C /* XCRemoteSwiftPackageReference "lottie-ios" */,
				15542B232CDE19D70045598C /* XCRemoteSwiftPackageReference "ApphudSDK" */,
				15E627672CE29A4500A2C10C /* XCRemoteSwiftPackageReference "AlamofireNetworkActivityLogger" */,
				15E6276C2CE3713300A2C10C /* XCRemoteSwiftPackageReference "firebase-ios-sdk" */,
				159C01EF2CECA3BE009DEEE8 /* XCRemoteSwiftPackageReference "facebook-ios-sdk" */,
				15D2858F2CF4C75000998395 /* XCRemoteSwiftPackageReference "OneSignal-XCFramework" */,
				15E976DC2D0B020E00EFAF1D /* XCRemoteSwiftPackageReference "GSPlayer" */,
			);
			productRefGroup = 15D0BFAC2CD8F6CD0011227E /* Products */;
			projectDirPath = "";
			projectRoot = "";
			targets = (
				15D0BFAA2CD8F6CD0011227E /* titEggs */,
			);
		};
/* End PBXProject section */

/* Begin PBXResourcesBuildPhase section */
		15D0BFA92CD8F6CD0011227E /* Resources */ = {
			isa = PBXResourcesBuildPhase;
			buildActionMask = 2147483647;
			files = (
				159C01D12CEA3106009DEEE8 /* TestSub.storekit in Resources */,
				15542B612CDEBC640045598C /* crumble_it1.mp4 in Resources */,
				15542B692CDEBC640045598C /* Squish_it1.mp4 in Resources */,
				15E627792CE374DF00A2C10C /* GoogleService-Info.plist in Resources */,
				15542B6C2CDEBC640045598C /* dissolve_it1.mp4 in Resources */,
				15E627AE2CE3C61E00A2C10C /* Cake-ify_it1.mp4 in Resources */,
				15D0BFBB2CD8F6CF0011227E /* LaunchScreen.storyboard in Resources */,
				15D0BFB82CD8F6CF0011227E /* Assets.xcassets in Resources */,
				15542B742CDEBC7B0045598C /* onboardingVideo2.mp4 in Resources */,
				15542B632CDEBC640045598C /* Deflate_it1.mp4 in Resources */,
				15542B622CDEBC640045598C /* decapitate_it1.mp4 in Resources */,
				15E9367F2CE762B5007B963B /* onbVideo3.mp4 in Resources */,
				152C78542CD9128F00A2A977 /* SF-Pro-Text-Medium.otf in Resources */,
				15542B642CDEBC640045598C /* levitate_it1.mp4 in Resources */,
				15542B732CDEBC7B0045598C /* onboardingVideo1.mp4 in Resources */,
				15542B6A2CDEBC640045598C /* Inflate_it1.mp4 in Resources */,
				15542B752CDEBC7B0045598C /* Paywall.mp4 in Resources */,
				15542B672CDEBC640045598C /* explode_it1.mp4 in Resources */,
				152C78532CD9128F00A2A977 /* SF-Pro-Text-Semibold.otf in Resources */,
				15542B222CDCFB390045598C /* Generate.json in Resources */,
				15542B662CDEBC640045598C /* Melt_it1.mp4 in Resources */,
				152C78522CD9128F00A2A977 /* SF-Pro-Text-Regular.otf in Resources */,
				15542B6B2CDEBC640045598C /* eye-pop_it1.mp4 in Resources */,
				15542B652CDEBC640045598C /* Crush_it1.mp4 in Resources */,
				15542B682CDEBC640045598C /* Ta-da_it1.mp4 in Resources */,
				15D0BFB62CD8F6CD0011227E /* Main.storyboard in Resources */,
			);
			runOnlyForDeploymentPostprocessing = 0;
		};
/* End PBXResourcesBuildPhase section */

/* Begin PBXShellScriptBuildPhase section */
		15E627772CE3727700A2C10C /* Run Script */ = {
			isa = PBXShellScriptBuildPhase;
			buildActionMask = 2147483647;
			files = (
			);
			inputFileListPaths = (
			);
			inputPaths = (
				"${DWARF_DSYM_FOLDER_PATH}/${DWARF_DSYM_FILE_NAME}",
				"${DWARF_DSYM_FOLDER_PATH}/${DWARF_DSYM_FILE_NAME}/Contents/Resources/DWARF/${PRODUCT_NAME}",
				"${DWARF_DSYM_FOLDER_PATH}/${DWARF_DSYM_FILE_NAME}/Contents/Info.plist",
				"$(TARGET_BUILD_DIR)/$(UNLOCALIZED_RESOURCES_FOLDER_PATH)/GoogleService-Info.plist",
				"$(TARGET_BUILD_DIR)/$(EXECUTABLE_PATH)",
			);
			name = "Run Script";
			outputFileListPaths = (
			);
			outputPaths = (
			);
			runOnlyForDeploymentPostprocessing = 0;
			shellPath = /bin/sh;
			shellScript = "\"${BUILD_DIR%/Build/*}/SourcePackages/checkouts/firebase-ios-sdk/Crashlytics/run\"\n";
		};
/* End PBXShellScriptBuildPhase section */

/* Begin PBXSourcesBuildPhase section */
		15D0BFA72CD8F6CD0011227E /* Sources */ = {
			isa = PBXSourcesBuildPhase;
			buildActionMask = 2147483647;
			files = (
				15542B492CDE2AC40045598C /* VideoCollectionViewCell.swift in Sources */,
				15AEF2862D076B5700156891 /* TokenManager.swift in Sources */,
				15AEF2842D0765E300156891 /* TokenPaywallViewController.swift in Sources */,
				154DDA212D107B4E0048495D /* AllPaywallViewController.swift in Sources */,
				152C786D2CDA3A8000A2A977 /* CustomLikeViewController.swift in Sources */,
				152C785E2CD949A900A2A977 /* ModelDataOnb.swift in Sources */,
				152C785C2CD9469800A2A977 /* CreateElements.swift in Sources */,
				15E9367D2CE4B4BA007B963B /* PreviewEffectViewController.swift in Sources */,
				15D0BFD02CD90AE90011227E /* CreateViewController.swift in Sources */,
				15D0BFCA2CD9017A0011227E /* TabBarViewController.swift in Sources */,
				15542B1F2CDCF4C80045598C /* OpenedViewController.swift in Sources */,
				152C78742CDB7D7C00A2A977 /* MyVideosViewController.swift in Sources */,
				154DDA1E2D106E9F0048495D /* NewPaywallViewController.swift in Sources */,
				15542B192CDCEFFB0045598C /* GenerateVideoViewController.swift in Sources */,
				7CA9D7AF2D3FC58F00E337D2 /* AllPaywallViewControllerV2.swift in Sources */,
				152C78602CD9528A00A2A977 /* NotifyOnbViewController.swift in Sources */,
				152C786B2CDA365100A2A977 /* PaywallButton.swift in Sources */,
				152C78702CDA43D100A2A977 /* SettingsViewController.swift in Sources */,
				15D0BFAF2CD8F6CD0011227E /* AppDelegate.swift in Sources */,
				152C78812CDCCAFD00A2A977 /* NetWorking.swift in Sources */,
				575EAD582D7F237300B0275A /* CreateImageViewController.swift in Sources */,
				152C78782CDB887E00A2A977 /* MainModel.swift in Sources */,
				152C78592CD943D000A2A977 /* OnboardingViewController.swift in Sources */,
				152C78872CDCCC3900A2A977 /* DataModel.swift in Sources */,
				152C78632CD95E9B00A2A977 /* PaywallViewController.swift in Sources */,
				15D0BFB12CD8F6CD0011227E /* SceneDelegate.swift in Sources */,
				575EAD532D7F0A3C00B0275A /* AllEffectsViewController.swift in Sources */,
				152C78692CDA332500A2A977 /* PurchaseManager.swift in Sources */,
				575EAD562D7F0ACD00B0275A /* PromptViewController.swift in Sources */,
				15D0BFC82CD8F9820011227E /* Extensions.swift in Sources */,
			);
			runOnlyForDeploymentPostprocessing = 0;
		};
/* End PBXSourcesBuildPhase section */

/* Begin PBXVariantGroup section */
		15D0BFB42CD8F6CD0011227E /* Main.storyboard */ = {
			isa = PBXVariantGroup;
			children = (
				15D0BFB52CD8F6CD0011227E /* Base */,
			);
			name = Main.storyboard;
			sourceTree = "<group>";
		};
		15D0BFB92CD8F6CF0011227E /* LaunchScreen.storyboard */ = {
			isa = PBXVariantGroup;
			children = (
				15D0BFBA2CD8F6CF0011227E /* Base */,
			);
			name = LaunchScreen.storyboard;
			sourceTree = "<group>";
		};
/* End PBXVariantGroup section */

/* Begin XCBuildConfiguration section */
		15D0BFBD2CD8F6CF0011227E /* Debug */ = {
			isa = XCBuildConfiguration;
			buildSettings = {
				ALWAYS_SEARCH_USER_PATHS = NO;
				ASSETCATALOG_COMPILER_GENERATE_SWIFT_ASSET_SYMBOL_EXTENSIONS = YES;
				CLANG_ANALYZER_NONNULL = YES;
				CLANG_ANALYZER_NUMBER_OBJECT_CONVERSION = YES_AGGRESSIVE;
				CLANG_CXX_LANGUAGE_STANDARD = "gnu++20";
				CLANG_ENABLE_MODULES = YES;
				CLANG_ENABLE_OBJC_ARC = YES;
				CLANG_ENABLE_OBJC_WEAK = YES;
				CLANG_WARN_BLOCK_CAPTURE_AUTORELEASING = YES;
				CLANG_WARN_BOOL_CONVERSION = YES;
				CLANG_WARN_COMMA = YES;
				CLANG_WARN_CONSTANT_CONVERSION = YES;
				CLANG_WARN_DEPRECATED_OBJC_IMPLEMENTATIONS = YES;
				CLANG_WARN_DIRECT_OBJC_ISA_USAGE = YES_ERROR;
				CLANG_WARN_DOCUMENTATION_COMMENTS = YES;
				CLANG_WARN_EMPTY_BODY = YES;
				CLANG_WARN_ENUM_CONVERSION = YES;
				CLANG_WARN_INFINITE_RECURSION = YES;
				CLANG_WARN_INT_CONVERSION = YES;
				CLANG_WARN_NON_LITERAL_NULL_CONVERSION = YES;
				CLANG_WARN_OBJC_IMPLICIT_RETAIN_SELF = YES;
				CLANG_WARN_OBJC_LITERAL_CONVERSION = YES;
				CLANG_WARN_OBJC_ROOT_CLASS = YES_ERROR;
				CLANG_WARN_QUOTED_INCLUDE_IN_FRAMEWORK_HEADER = YES;
				CLANG_WARN_RANGE_LOOP_ANALYSIS = YES;
				CLANG_WARN_STRICT_PROTOTYPES = YES;
				CLANG_WARN_SUSPICIOUS_MOVE = YES;
				CLANG_WARN_UNGUARDED_AVAILABILITY = YES_AGGRESSIVE;
				CLANG_WARN_UNREACHABLE_CODE = YES;
				CLANG_WARN__DUPLICATE_METHOD_MATCH = YES;
				COPY_PHASE_STRIP = NO;
				DEBUG_INFORMATION_FORMAT = dwarf;
				ENABLE_STRICT_OBJC_MSGSEND = YES;
				ENABLE_TESTABILITY = YES;
				ENABLE_USER_SCRIPT_SANDBOXING = YES;
				GCC_C_LANGUAGE_STANDARD = gnu17;
				GCC_DYNAMIC_NO_PIC = NO;
				GCC_NO_COMMON_BLOCKS = YES;
				GCC_OPTIMIZATION_LEVEL = 0;
				GCC_PREPROCESSOR_DEFINITIONS = (
					"DEBUG=1",
					"$(inherited)",
				);
				GCC_WARN_64_TO_32_BIT_CONVERSION = YES;
				GCC_WARN_ABOUT_RETURN_TYPE = YES_ERROR;
				GCC_WARN_UNDECLARED_SELECTOR = YES;
				GCC_WARN_UNINITIALIZED_AUTOS = YES_AGGRESSIVE;
				GCC_WARN_UNUSED_FUNCTION = YES;
				GCC_WARN_UNUSED_VARIABLE = YES;
				IPHONEOS_DEPLOYMENT_TARGET = 17.2;
				LOCALIZATION_PREFERS_STRING_CATALOGS = YES;
				MTL_ENABLE_DEBUG_INFO = INCLUDE_SOURCE;
				MTL_FAST_MATH = YES;
				ONLY_ACTIVE_ARCH = YES;
				SDKROOT = iphoneos;
				SWIFT_ACTIVE_COMPILATION_CONDITIONS = "DEBUG $(inherited)";
				SWIFT_OPTIMIZATION_LEVEL = "-Onone";
			};
			name = Debug;
		};
		15D0BFBE2CD8F6CF0011227E /* Release */ = {
			isa = XCBuildConfiguration;
			buildSettings = {
				ALWAYS_SEARCH_USER_PATHS = NO;
				ASSETCATALOG_COMPILER_GENERATE_SWIFT_ASSET_SYMBOL_EXTENSIONS = YES;
				CLANG_ANALYZER_NONNULL = YES;
				CLANG_ANALYZER_NUMBER_OBJECT_CONVERSION = YES_AGGRESSIVE;
				CLANG_CXX_LANGUAGE_STANDARD = "gnu++20";
				CLANG_ENABLE_MODULES = YES;
				CLANG_ENABLE_OBJC_ARC = YES;
				CLANG_ENABLE_OBJC_WEAK = YES;
				CLANG_WARN_BLOCK_CAPTURE_AUTORELEASING = YES;
				CLANG_WARN_BOOL_CONVERSION = YES;
				CLANG_WARN_COMMA = YES;
				CLANG_WARN_CONSTANT_CONVERSION = YES;
				CLANG_WARN_DEPRECATED_OBJC_IMPLEMENTATIONS = YES;
				CLANG_WARN_DIRECT_OBJC_ISA_USAGE = YES_ERROR;
				CLANG_WARN_DOCUMENTATION_COMMENTS = YES;
				CLANG_WARN_EMPTY_BODY = YES;
				CLANG_WARN_ENUM_CONVERSION = YES;
				CLANG_WARN_INFINITE_RECURSION = YES;
				CLANG_WARN_INT_CONVERSION = YES;
				CLANG_WARN_NON_LITERAL_NULL_CONVERSION = YES;
				CLANG_WARN_OBJC_IMPLICIT_RETAIN_SELF = YES;
				CLANG_WARN_OBJC_LITERAL_CONVERSION = YES;
				CLANG_WARN_OBJC_ROOT_CLASS = YES_ERROR;
				CLANG_WARN_QUOTED_INCLUDE_IN_FRAMEWORK_HEADER = YES;
				CLANG_WARN_RANGE_LOOP_ANALYSIS = YES;
				CLANG_WARN_STRICT_PROTOTYPES = YES;
				CLANG_WARN_SUSPICIOUS_MOVE = YES;
				CLANG_WARN_UNGUARDED_AVAILABILITY = YES_AGGRESSIVE;
				CLANG_WARN_UNREACHABLE_CODE = YES;
				CLANG_WARN__DUPLICATE_METHOD_MATCH = YES;
				COPY_PHASE_STRIP = NO;
				DEBUG_INFORMATION_FORMAT = "dwarf-with-dsym";
				ENABLE_NS_ASSERTIONS = NO;
				ENABLE_STRICT_OBJC_MSGSEND = YES;
				ENABLE_USER_SCRIPT_SANDBOXING = YES;
				GCC_C_LANGUAGE_STANDARD = gnu17;
				GCC_NO_COMMON_BLOCKS = YES;
				GCC_WARN_64_TO_32_BIT_CONVERSION = YES;
				GCC_WARN_ABOUT_RETURN_TYPE = YES_ERROR;
				GCC_WARN_UNDECLARED_SELECTOR = YES;
				GCC_WARN_UNINITIALIZED_AUTOS = YES_AGGRESSIVE;
				GCC_WARN_UNUSED_FUNCTION = YES;
				GCC_WARN_UNUSED_VARIABLE = YES;
				IPHONEOS_DEPLOYMENT_TARGET = 17.2;
				LOCALIZATION_PREFERS_STRING_CATALOGS = YES;
				MTL_ENABLE_DEBUG_INFO = NO;
				MTL_FAST_MATH = YES;
				SDKROOT = iphoneos;
				SWIFT_COMPILATION_MODE = wholemodule;
				VALIDATE_PRODUCT = YES;
			};
			name = Release;
		};
		15D0BFC02CD8F6CF0011227E /* Debug */ = {
			isa = XCBuildConfiguration;
			buildSettings = {
				ALWAYS_EMBED_SWIFT_STANDARD_LIBRARIES = YES;
				ASSETCATALOG_COMPILER_APPICON_NAME = AppIcon;
				ASSETCATALOG_COMPILER_GLOBAL_ACCENT_COLOR_NAME = AccentColor;
				CODE_SIGN_ENTITLEMENTS = titEggs/titEggs.entitlements;
				CODE_SIGN_IDENTITY = "Apple Development";
				CODE_SIGN_STYLE = Automatic;
				CURRENT_PROJECT_VERSION = 1;
				DEBUG_INFORMATION_FORMAT = "dwarf-with-dsym";
				DEVELOPMENT_TEAM = "";
				GENERATE_INFOPLIST_FILE = YES;
				INFOPLIST_FILE = titEggs/Info.plist;
				INFOPLIST_KEY_CFBundleDisplayName = "MiniMax - Video Generator";
				INFOPLIST_KEY_NSCameraUsageDescription = "Add a photo so we can do a cool effect with it";
				INFOPLIST_KEY_NSPhotoLibraryUsageDescription = "We need access to your photo library to save videos and photos from the app.";
				INFOPLIST_KEY_NSUserTrackingUsageDescription = "We use the data to provide more personalized advertising and improve your user experience.";
				INFOPLIST_KEY_UIApplicationSupportsIndirectInputEvents = YES;
				INFOPLIST_KEY_UILaunchStoryboardName = LaunchScreen;
				INFOPLIST_KEY_UISupportedInterfaceOrientations = UIInterfaceOrientationPortrait;
				INFOPLIST_KEY_UISupportedInterfaceOrientations_iPad = "UIInterfaceOrientationLandscapeLeft UIInterfaceOrientationLandscapeRight UIInterfaceOrientationPortrait";
				IPHONEOS_DEPLOYMENT_TARGET = 16.0;
				LD_RUNPATH_SEARCH_PATHS = (
					"$(inherited)",
					"@executable_path/Frameworks",
				);
				MARKETING_VERSION = 3.2.4;
				OTHER_LDFLAGS = "-ObjC";
				PRODUCT_BUNDLE_IDENTIFIER = com.agh.p1i1ka;
				PRODUCT_NAME = "$(TARGET_NAME)";
				PROVISIONING_PROFILE_SPECIFIER = "";
				SUPPORTED_PLATFORMS = "iphoneos iphonesimulator";
				SUPPORTS_MACCATALYST = NO;
				SUPPORTS_XR_DESIGNED_FOR_IPHONE_IPAD = NO;
				SWIFT_EMIT_LOC_STRINGS = YES;
				SWIFT_VERSION = 5.0;
				TARGETED_DEVICE_FAMILY = "1,2";
			};
			name = Debug;
		};
		15D0BFC12CD8F6CF0011227E /* Release */ = {
			isa = XCBuildConfiguration;
			buildSettings = {
				ALWAYS_EMBED_SWIFT_STANDARD_LIBRARIES = YES;
				ASSETCATALOG_COMPILER_APPICON_NAME = AppIcon;
				ASSETCATALOG_COMPILER_GLOBAL_ACCENT_COLOR_NAME = AccentColor;
				CODE_SIGN_ENTITLEMENTS = titEggs/titEggs.entitlements;
				CODE_SIGN_IDENTITY = "Apple Development";
				CODE_SIGN_STYLE = Automatic;
				CURRENT_PROJECT_VERSION = 1;
				DEVELOPMENT_TEAM = "";
				GENERATE_INFOPLIST_FILE = YES;
				INFOPLIST_FILE = titEggs/Info.plist;
				INFOPLIST_KEY_CFBundleDisplayName = "MiniMax - Video Generator";
				INFOPLIST_KEY_NSCameraUsageDescription = "Add a photo so we can do a cool effect with it";
				INFOPLIST_KEY_NSPhotoLibraryUsageDescription = "We need access to your photo library to save videos and photos from the app.";
				INFOPLIST_KEY_NSUserTrackingUsageDescription = "We use the data to provide more personalized advertising and improve your user experience.";
				INFOPLIST_KEY_UIApplicationSupportsIndirectInputEvents = YES;
				INFOPLIST_KEY_UILaunchStoryboardName = LaunchScreen;
				INFOPLIST_KEY_UISupportedInterfaceOrientations = UIInterfaceOrientationPortrait;
				INFOPLIST_KEY_UISupportedInterfaceOrientations_iPad = "UIInterfaceOrientationLandscapeLeft UIInterfaceOrientationLandscapeRight UIInterfaceOrientationPortrait";
				IPHONEOS_DEPLOYMENT_TARGET = 16.0;
				LD_RUNPATH_SEARCH_PATHS = (
					"$(inherited)",
					"@executable_path/Frameworks",
				);
				MARKETING_VERSION = 3.2.4;
				OTHER_LDFLAGS = "-ObjC";
				PRODUCT_BUNDLE_IDENTIFIER = com.agh.p1i1ka;
				PRODUCT_NAME = "$(TARGET_NAME)";
				PROVISIONING_PROFILE_SPECIFIER = "";
				SUPPORTED_PLATFORMS = "iphoneos iphonesimulator";
				SUPPORTS_MACCATALYST = NO;
				SUPPORTS_XR_DESIGNED_FOR_IPHONE_IPAD = NO;
				SWIFT_EMIT_LOC_STRINGS = YES;
				SWIFT_VERSION = 5.0;
				TARGETED_DEVICE_FAMILY = "1,2";
			};
			name = Release;
		};
/* End XCBuildConfiguration section */

/* Begin XCConfigurationList section */
		15D0BFA62CD8F6CD0011227E /* Build configuration list for PBXProject "titEggs" */ = {
			isa = XCConfigurationList;
			buildConfigurations = (
				15D0BFBD2CD8F6CF0011227E /* Debug */,
				15D0BFBE2CD8F6CF0011227E /* Release */,
			);
			defaultConfigurationIsVisible = 0;
			defaultConfigurationName = Release;
		};
		15D0BFBF2CD8F6CF0011227E /* Build configuration list for PBXNativeTarget "titEggs" */ = {
			isa = XCConfigurationList;
			buildConfigurations = (
				15D0BFC02CD8F6CF0011227E /* Debug */,
				15D0BFC12CD8F6CF0011227E /* Release */,
			);
			defaultConfigurationIsVisible = 0;
			defaultConfigurationName = Release;
		};
/* End XCConfigurationList section */

/* Begin XCRemoteSwiftPackageReference section */
		152C78642CDA309700A2A977 /* XCRemoteSwiftPackageReference "SwiftyStoreKit" */ = {
			isa = XCRemoteSwiftPackageReference;
			repositoryURL = "https://github.com/bizz84/SwiftyStoreKit";
			requirement = {
				kind = upToNextMajorVersion;
				minimumVersion = 0.16.4;
			};
		};
		152C78822CDCCB1400A2A977 /* XCRemoteSwiftPackageReference "Alamofire" */ = {
			isa = XCRemoteSwiftPackageReference;
			repositoryURL = "https://github.com/Alamofire/Alamofire";
			requirement = {
				kind = upToNextMajorVersion;
				minimumVersion = 5.10.1;
			};
		};
		15542B1A2CDCF3D20045598C /* XCRemoteSwiftPackageReference "lottie-ios" */ = {
			isa = XCRemoteSwiftPackageReference;
			repositoryURL = "https://github.com/airbnb/lottie-ios";
			requirement = {
				kind = upToNextMajorVersion;
				minimumVersion = 4.5.0;
			};
		};
		15542B232CDE19D70045598C /* XCRemoteSwiftPackageReference "ApphudSDK" */ = {
			isa = XCRemoteSwiftPackageReference;
			repositoryURL = "https://github.com/apphud/ApphudSDK";
			requirement = {
				kind = upToNextMajorVersion;
				minimumVersion = 3.5.5;
			};
		};
		159C01EF2CECA3BE009DEEE8 /* XCRemoteSwiftPackageReference "facebook-ios-sdk" */ = {
			isa = XCRemoteSwiftPackageReference;
			repositoryURL = "https://github.com/facebook/facebook-ios-sdk";
			requirement = {
				kind = upToNextMajorVersion;
				minimumVersion = 14.1.0;
			};
		};
		15D0BFCB2CD909390011227E /* XCRemoteSwiftPackageReference "SnapKit" */ = {
			isa = XCRemoteSwiftPackageReference;
			repositoryURL = "https://github.com/SnapKit/SnapKit";
			requirement = {
				kind = upToNextMajorVersion;
				minimumVersion = 5.7.1;
			};
		};
		15D2858F2CF4C75000998395 /* XCRemoteSwiftPackageReference "OneSignal-XCFramework" */ = {
			isa = XCRemoteSwiftPackageReference;
			repositoryURL = "https://github.com/OneSignal/OneSignal-XCFramework";
			requirement = {
				kind = upToNextMajorVersion;
				minimumVersion = 5.2.8;
			};
		};
		15E627672CE29A4500A2C10C /* XCRemoteSwiftPackageReference "AlamofireNetworkActivityLogger" */ = {
			isa = XCRemoteSwiftPackageReference;
			repositoryURL = "https://github.com/konkab/AlamofireNetworkActivityLogger";
			requirement = {
				kind = upToNextMajorVersion;
				minimumVersion = 3.4.0;
			};
		};
		15E6276C2CE3713300A2C10C /* XCRemoteSwiftPackageReference "firebase-ios-sdk" */ = {
			isa = XCRemoteSwiftPackageReference;
			repositoryURL = "https://github.com/firebase/firebase-ios-sdk.git";
			requirement = {
				kind = upToNextMajorVersion;
				minimumVersion = 11.4.0;
			};
		};
		15E976DC2D0B020E00EFAF1D /* XCRemoteSwiftPackageReference "GSPlayer" */ = {
			isa = XCRemoteSwiftPackageReference;
			repositoryURL = "https://github.com/wxxsw/GSPlayer";
			requirement = {
				kind = upToNextMajorVersion;
				minimumVersion = 0.2.28;
			};
		};
/* End XCRemoteSwiftPackageReference section */

/* Begin XCSwiftPackageProductDependency section */
		152C78652CDA309700A2A977 /* SwiftyStoreKit */ = {
			isa = XCSwiftPackageProductDependency;
			package = 152C78642CDA309700A2A977 /* XCRemoteSwiftPackageReference "SwiftyStoreKit" */;
			productName = SwiftyStoreKit;
		};
		152C78832CDCCB1400A2A977 /* Alamofire */ = {
			isa = XCSwiftPackageProductDependency;
			package = 152C78822CDCCB1400A2A977 /* XCRemoteSwiftPackageReference "Alamofire" */;
			productName = Alamofire;
		};
		15542B1B2CDCF3D20045598C /* Lottie */ = {
			isa = XCSwiftPackageProductDependency;
			package = 15542B1A2CDCF3D20045598C /* XCRemoteSwiftPackageReference "lottie-ios" */;
			productName = Lottie;
		};
		15542B242CDE19D70045598C /* ApphudSDK */ = {
			isa = XCSwiftPackageProductDependency;
			package = 15542B232CDE19D70045598C /* XCRemoteSwiftPackageReference "ApphudSDK" */;
			productName = ApphudSDK;
		};
		159C01F02CECA3BE009DEEE8 /* FacebookAEM */ = {
			isa = XCSwiftPackageProductDependency;
			package = 159C01EF2CECA3BE009DEEE8 /* XCRemoteSwiftPackageReference "facebook-ios-sdk" */;
			productName = FacebookAEM;
		};
		159C01F22CECA3BE009DEEE8 /* FacebookBasics */ = {
			isa = XCSwiftPackageProductDependency;
			package = 159C01EF2CECA3BE009DEEE8 /* XCRemoteSwiftPackageReference "facebook-ios-sdk" */;
			productName = FacebookBasics;
		};
		159C01F42CECA3BE009DEEE8 /* FacebookCore */ = {
			isa = XCSwiftPackageProductDependency;
			package = 159C01EF2CECA3BE009DEEE8 /* XCRemoteSwiftPackageReference "facebook-ios-sdk" */;
			productName = FacebookCore;
		};
		159C01F62CECA3BE009DEEE8 /* FacebookGamingServices */ = {
			isa = XCSwiftPackageProductDependency;
			package = 159C01EF2CECA3BE009DEEE8 /* XCRemoteSwiftPackageReference "facebook-ios-sdk" */;
			productName = FacebookGamingServices;
		};
		159C01F82CECA3BE009DEEE8 /* FacebookLogin */ = {
			isa = XCSwiftPackageProductDependency;
			package = 159C01EF2CECA3BE009DEEE8 /* XCRemoteSwiftPackageReference "facebook-ios-sdk" */;
			productName = FacebookLogin;
		};
		159C01FA2CECAA26009DEEE8 /* FacebookShare */ = {
			isa = XCSwiftPackageProductDependency;
			package = 159C01EF2CECA3BE009DEEE8 /* XCRemoteSwiftPackageReference "facebook-ios-sdk" */;
			productName = FacebookShare;
		};
		15D0BFCC2CD909390011227E /* SnapKit */ = {
			isa = XCSwiftPackageProductDependency;
			package = 15D0BFCB2CD909390011227E /* XCRemoteSwiftPackageReference "SnapKit" */;
			productName = SnapKit;
		};
		15D285A72CF4C8FA00998395 /* OneSignalExtension */ = {
			isa = XCSwiftPackageProductDependency;
			package = 15D2858F2CF4C75000998395 /* XCRemoteSwiftPackageReference "OneSignal-XCFramework" */;
			productName = OneSignalExtension;
		};
		15D285A92CF4C8FA00998395 /* OneSignalFramework */ = {
			isa = XCSwiftPackageProductDependency;
			package = 15D2858F2CF4C75000998395 /* XCRemoteSwiftPackageReference "OneSignal-XCFramework" */;
			productName = OneSignalFramework;
		};
		15D285AB2CF4C8FA00998395 /* OneSignalInAppMessages */ = {
			isa = XCSwiftPackageProductDependency;
			package = 15D2858F2CF4C75000998395 /* XCRemoteSwiftPackageReference "OneSignal-XCFramework" */;
			productName = OneSignalInAppMessages;
		};
		15D285AD2CF4C8FA00998395 /* OneSignalLocation */ = {
			isa = XCSwiftPackageProductDependency;
			package = 15D2858F2CF4C75000998395 /* XCRemoteSwiftPackageReference "OneSignal-XCFramework" */;
			productName = OneSignalLocation;
		};
		15E627682CE29A4500A2C10C /* AlamofireNetworkActivityLogger */ = {
			isa = XCSwiftPackageProductDependency;
			package = 15E627672CE29A4500A2C10C /* XCRemoteSwiftPackageReference "AlamofireNetworkActivityLogger" */;
			productName = AlamofireNetworkActivityLogger;
		};
		15E6276D2CE3713300A2C10C /* FirebaseAnalytics */ = {
			isa = XCSwiftPackageProductDependency;
			package = 15E6276C2CE3713300A2C10C /* XCRemoteSwiftPackageReference "firebase-ios-sdk" */;
			productName = FirebaseAnalytics;
		};
		15E6276F2CE3713300A2C10C /* FirebaseAnalyticsOnDeviceConversion */ = {
			isa = XCSwiftPackageProductDependency;
			package = 15E6276C2CE3713300A2C10C /* XCRemoteSwiftPackageReference "firebase-ios-sdk" */;
			productName = FirebaseAnalyticsOnDeviceConversion;
		};
		15E627712CE3713300A2C10C /* FirebaseAnalyticsWithoutAdIdSupport */ = {
			isa = XCSwiftPackageProductDependency;
			package = 15E6276C2CE3713300A2C10C /* XCRemoteSwiftPackageReference "firebase-ios-sdk" */;
			productName = FirebaseAnalyticsWithoutAdIdSupport;
		};
		15E627732CE3713300A2C10C /* FirebaseAppCheck */ = {
			isa = XCSwiftPackageProductDependency;
			package = 15E6276C2CE3713300A2C10C /* XCRemoteSwiftPackageReference "firebase-ios-sdk" */;
			productName = FirebaseAppCheck;
		};
		15E627752CE3713300A2C10C /* FirebaseAppDistribution-Beta */ = {
			isa = XCSwiftPackageProductDependency;
			package = 15E6276C2CE3713300A2C10C /* XCRemoteSwiftPackageReference "firebase-ios-sdk" */;
			productName = "FirebaseAppDistribution-Beta";
		};
		15E6277B2CE381DA00A2C10C /* FirebaseCrashlytics */ = {
			isa = XCSwiftPackageProductDependency;
			package = 15E6276C2CE3713300A2C10C /* XCRemoteSwiftPackageReference "firebase-ios-sdk" */;
			productName = FirebaseCrashlytics;
		};
		15E976DD2D0B020E00EFAF1D /* GSPlayer */ = {
			isa = XCSwiftPackageProductDependency;
			package = 15E976DC2D0B020E00EFAF1D /* XCRemoteSwiftPackageReference "GSPlayer" */;
			productName = GSPlayer;
		};
/* End XCSwiftPackageProductDependency section */
	};
	rootObject = 15D0BFA32CD8F6CD0011227E /* Project object */;
}
